
Microsoft Visual Studio Solution File, Format Version 12.00
# Visual Studio 11
Project("{FAE04EC0-301F-11D3-BF4B-00C04F79EFBC}") = "VSCalm", "VSCalm\VSCalm.csproj", "{12EFF00A-2DF5-485F-8869-3253AE2AB3EE}"
EndProject
Global
	GlobalSection(SolutionConfigurationPlatforms) = preSolution
		Debug|Any CPU = Debug|Any CPU
		Release|Any CPU = Release|Any CPU
	EndGlobalSection
	GlobalSection(ProjectConfigurationPlatforms) = postSolution
		{12EFF00A-2DF5-485F-8869-3253AE2AB3EE}.Debug|Any CPU.ActiveCfg = Debug|Any CPU
		{12EFF00A-2DF5-485F-8869-3253AE2AB3EE}.Debug|Any CPU.Build.0 = Debug|Any CPU
		{12EFF00A-2DF5-485F-8869-3253AE2AB3EE}.Release|Any CPU.ActiveCfg = Release|Any CPU
		{12EFF00A-2DF5-485F-8869-3253AE2AB3EE}.Release|Any CPU.Build.0 = Release|Any CPU
	EndGlobalSection
	GlobalSection(SolutionProperties) = preSolution
		HideSolutionNode = FALSE
	EndGlobalSection
EndGlobal
